
Microsoft Visual Studio Solution File, Format Version 12.00
# Visual Studio Version 16
VisualStudioVersion = 16.0.30523.141
MinimumVisualStudioVersion = 10.0.40219.1
Project("{2150E333-8FDC-42A3-9474-1A3956D46DE8}") = "Enterspeed.Source.UmbracoCms", "Enterspeed.Source.UmbracoCms", "{E824C1D6-7128-450F-9D7E-381D3891FCD7}"
EndProject
Project("{2150E333-8FDC-42A3-9474-1A3956D46DE8}") = "Documents", "Documents", "{0215A9EA-3011-4D81-B588-FC322C54D8A6}"
	ProjectSection(SolutionItems) = preProject
		.gitignore = .gitignore
		azure-pipelines.yml = azure-pipelines.yml
		CHANGELOG.md = CHANGELOG.md
		NuGet.Config = NuGet.Config
		README.md = README.md
	EndProjectSection
EndProject
Project("{2150E333-8FDC-42A3-9474-1A3956D46DE8}") = "Tests", "Tests", "{7971E102-218B-4A98-962E-BF881CBA2B2C}"
EndProject
Project("{9A19103F-16F7-4668-BE54-9A1E7A4F7556}") = "Enterspeed.Source.UmbracoCms.V9", "src\Enterspeed.Source.UmbracoCms.V9\Enterspeed.Source.UmbracoCms.V9.csproj", "{D19581D3-4998-44B5-B63A-968C6C4FB3F9}"
EndProject
Project("{9A19103F-16F7-4668-BE54-9A1E7A4F7556}") = "Enterspeed.Source.UmbracoCms.V9.Tests", "tests\Enterspeed.Source.UmbracoCms.V9.Tests\Enterspeed.Source.UmbracoCms.V9.Tests.csproj", "{3754E671-FA66-4DC4-A857-15A69962C210}"
EndProject
Global
	GlobalSection(SolutionConfigurationPlatforms) = preSolution
		Debug|Any CPU = Debug|Any CPU
		Release|Any CPU = Release|Any CPU
	EndGlobalSection
	GlobalSection(ProjectConfigurationPlatforms) = postSolution
		{D19581D3-4998-44B5-B63A-968C6C4FB3F9}.Debug|Any CPU.ActiveCfg = Debug|Any CPU
		{D19581D3-4998-44B5-B63A-968C6C4FB3F9}.Debug|Any CPU.Build.0 = Debug|Any CPU
		{D19581D3-4998-44B5-B63A-968C6C4FB3F9}.Release|Any CPU.ActiveCfg = Release|Any CPU
		{D19581D3-4998-44B5-B63A-968C6C4FB3F9}.Release|Any CPU.Build.0 = Release|Any CPU
		{3754E671-FA66-4DC4-A857-15A69962C210}.Debug|Any CPU.ActiveCfg = Debug|Any CPU
		{3754E671-FA66-4DC4-A857-15A69962C210}.Debug|Any CPU.Build.0 = Debug|Any CPU
		{3754E671-FA66-4DC4-A857-15A69962C210}.Release|Any CPU.ActiveCfg = Release|Any CPU
		{3754E671-FA66-4DC4-A857-15A69962C210}.Release|Any CPU.Build.0 = Release|Any CPU
	EndGlobalSection
	GlobalSection(SolutionProperties) = preSolution
		HideSolutionNode = FALSE
	EndGlobalSection
	GlobalSection(NestedProjects) = preSolution
		{D19581D3-4998-44B5-B63A-968C6C4FB3F9} = {E824C1D6-7128-450F-9D7E-381D3891FCD7}
		{3754E671-FA66-4DC4-A857-15A69962C210} = {7971E102-218B-4A98-962E-BF881CBA2B2C}
	EndGlobalSection
	GlobalSection(ExtensibilityGlobals) = postSolution
		SolutionGuid = {E57FEE32-F9D9-4173-8300-40CF8BC054E1}
	EndGlobalSection
EndGlobal
