
Microsoft Visual Studio Solution File, Format Version 12.00
# Visual Studio Version 17
VisualStudioVersion = 17.1.32319.34
MinimumVisualStudioVersion = 10.0.40219.1
Project("{2150E333-8FDC-42A3-9474-1A3956D46DE8}") = "Enterspeed.Source.UmbracoCms", "Enterspeed.Source.UmbracoCms", "{E824C1D6-7128-450F-9D7E-381D3891FCD7}"
EndProject
Project("{2150E333-8FDC-42A3-9474-1A3956D46DE8}") = "Documents", "Documents", "{0215A9EA-3011-4D81-B588-FC322C54D8A6}"
	ProjectSection(SolutionItems) = preProject
		.gitignore = .gitignore
		NuGet.Config = NuGet.Config
	EndProjectSection
EndProject
Project("{2150E333-8FDC-42A3-9474-1A3956D46DE8}") = "Tests", "Tests", "{7971E102-218B-4A98-962E-BF881CBA2B2C}"
EndProject
Project("{9A19103F-16F7-4668-BE54-9A1E7A4F7556}") = "Enterspeed.Source.UmbracoCms", "src\Enterspeed.Source.UmbracoCms\Enterspeed.Source.UmbracoCms.csproj", "{896E4006-B8D9-47E5-A7E0-82BE2A10DA93}"
EndProject
Project("{9A19103F-16F7-4668-BE54-9A1E7A4F7556}") = "Enterspeed.Source.UmbracoCms.Tests", "tests\Enterspeed.Source.UmbracoCms.Tests\Enterspeed.Source.UmbracoCms.Tests.csproj", "{DFEC5371-B474-4183-9C31-8A09E277AB5A}"
EndProject
Project("{2150E333-8FDC-42A3-9474-1A3956D46DE8}") = "Enterspeed.Source.UmbracoCms.V9Plus", "Enterspeed.Source.UmbracoCms.V9Plus", "{EA280487-2D27-4C16-99D6-863FE0409155}"
EndProject
Project("{2150E333-8FDC-42A3-9474-1A3956D46DE8}") = "Enterspeed.Source.UmbracoCms.V14Plus", "Enterspeed.Source.UmbracoCms.V14Plus", "{F11EA876-AAEC-4F8B-A452-E54BCB82C922}"
EndProject
Project("{2150E333-8FDC-42A3-9474-1A3956D46DE8}") = "Documents", "Documents", "{61FE07EA-49BA-4B07-87C7-8CCB295DE826}"
EndProject
Project("{2150E333-8FDC-42A3-9474-1A3956D46DE8}") = "Documents", "Documents", "{26E12C0B-E242-40F2-AD73-441A7F701209}"
	ProjectSection(SolutionItems) = preProject
		azure-pipelines-u9+.yml = azure-pipelines-u9+.yml
		CHANGELOG-Enterspeed.Source.UmbracoCms.md = CHANGELOG-Enterspeed.Source.UmbracoCms.md
		umbraco-marketplace-enterspeed.source.umbracocms.json = umbraco-marketplace-enterspeed.source.umbracocms.json
	EndProjectSection
EndProject
Project("{9A19103F-16F7-4668-BE54-9A1E7A4F7556}") = "Enterspeed.Source.UmbracoCms.V9Plus", "src\Enterspeed.Source.UmbracoCms.V9Plus\Enterspeed.Source.UmbracoCms.V9Plus.csproj", "{F4D1E529-4950-45EC-9970-95DE08147BDB}"
EndProject
Project("{9A19103F-16F7-4668-BE54-9A1E7A4F7556}") = "Enterspeed.Source.UmbracoCms.V14Plus", "src\Enterspeed.Source.UmbracoCms.V14Plus\Enterspeed.Source.UmbracoCms.V14Plus.csproj", "{9687D649-C1B7-4D0C-968F-603AB8C4E309}"
EndProject
Global
	GlobalSection(SolutionConfigurationPlatforms) = preSolution
		Debug|Any CPU = Debug|Any CPU
		Release|Any CPU = Release|Any CPU
	EndGlobalSection
	GlobalSection(ProjectConfigurationPlatforms) = postSolution
		{896E4006-B8D9-47E5-A7E0-82BE2A10DA93}.Debug|Any CPU.ActiveCfg = Debug|Any CPU
		{896E4006-B8D9-47E5-A7E0-82BE2A10DA93}.Debug|Any CPU.Build.0 = Debug|Any CPU
		{896E4006-B8D9-47E5-A7E0-82BE2A10DA93}.Release|Any CPU.ActiveCfg = Release|Any CPU
		{896E4006-B8D9-47E5-A7E0-82BE2A10DA93}.Release|Any CPU.Build.0 = Release|Any CPU
		{DFEC5371-B474-4183-9C31-8A09E277AB5A}.Debug|Any CPU.ActiveCfg = Debug|Any CPU
		{DFEC5371-B474-4183-9C31-8A09E277AB5A}.Debug|Any CPU.Build.0 = Debug|Any CPU
		{DFEC5371-B474-4183-9C31-8A09E277AB5A}.Release|Any CPU.ActiveCfg = Release|Any CPU
		{DFEC5371-B474-4183-9C31-8A09E277AB5A}.Release|Any CPU.Build.0 = Release|Any CPU
		{F4D1E529-4950-45EC-9970-95DE08147BDB}.Debug|Any CPU.ActiveCfg = Debug|Any CPU
		{F4D1E529-4950-45EC-9970-95DE08147BDB}.Debug|Any CPU.Build.0 = Debug|Any CPU
		{F4D1E529-4950-45EC-9970-95DE08147BDB}.Release|Any CPU.ActiveCfg = Release|Any CPU
		{F4D1E529-4950-45EC-9970-95DE08147BDB}.Release|Any CPU.Build.0 = Release|Any CPU
		{9687D649-C1B7-4D0C-968F-603AB8C4E309}.Debug|Any CPU.ActiveCfg = Debug|Any CPU
		{9687D649-C1B7-4D0C-968F-603AB8C4E309}.Debug|Any CPU.Build.0 = Debug|Any CPU
		{9687D649-C1B7-4D0C-968F-603AB8C4E309}.Release|Any CPU.ActiveCfg = Release|Any CPU
		{9687D649-C1B7-4D0C-968F-603AB8C4E309}.Release|Any CPU.Build.0 = Release|Any CPU
	EndGlobalSection
	GlobalSection(SolutionProperties) = preSolution
		HideSolutionNode = FALSE
	EndGlobalSection
	GlobalSection(NestedProjects) = preSolution
		{896E4006-B8D9-47E5-A7E0-82BE2A10DA93} = {E824C1D6-7128-450F-9D7E-381D3891FCD7}
		{DFEC5371-B474-4183-9C31-8A09E277AB5A} = {7971E102-218B-4A98-962E-BF881CBA2B2C}
		{61FE07EA-49BA-4B07-87C7-8CCB295DE826} = {F11EA876-AAEC-4F8B-A452-E54BCB82C922}
		{26E12C0B-E242-40F2-AD73-441A7F701209} = {EA280487-2D27-4C16-99D6-863FE0409155}
		{F4D1E529-4950-45EC-9970-95DE08147BDB} = {EA280487-2D27-4C16-99D6-863FE0409155}
		{9687D649-C1B7-4D0C-968F-603AB8C4E309} = {F11EA876-AAEC-4F8B-A452-E54BCB82C922}
	EndGlobalSection
	GlobalSection(ExtensibilityGlobals) = postSolution
		SolutionGuid = {E57FEE32-F9D9-4173-8300-40CF8BC054E1}
	EndGlobalSection
EndGlobal
