
Microsoft Visual Studio Solution File, Format Version 12.00
# Visual Studio Version 17
VisualStudioVersion = 17.4.33122.133
MinimumVisualStudioVersion = 10.0.40219.1
Project("{2150E333-8FDC-42A3-9474-1A3956D46DE8}") = "Enterspeed.Source.UmbracoCms", "Enterspeed.Source.UmbracoCms", "{E824C1D6-7128-450F-9D7E-381D3891FCD7}"
EndProject
Project("{2150E333-8FDC-42A3-9474-1A3956D46DE8}") = "Documents", "Documents", "{0215A9EA-3011-4D81-B588-FC322C54D8A6}"
	ProjectSection(SolutionItems) = preProject
		.gitignore = .gitignore
		azure-pipelines.yml = azure-pipelines.yml
		CHANGELOG.md = CHANGELOG.md
		NuGet.Config = NuGet.Config
		README.md = README.md
	EndProjectSection
EndProject
Project("{9A19103F-16F7-4668-BE54-9A1E7A4F7556}") = "Enterspeed.Source.UmbracoCms.V9", "Enterspeed.Source.UmbracoCms.V9.csproj", "{8A7A7CEA-698B-4144-929B-523EEF26E23E}"
EndProject
Global
	GlobalSection(SolutionConfigurationPlatforms) = preSolution
		Debug|Any CPU = Debug|Any CPU
		Release|Any CPU = Release|Any CPU
	EndGlobalSection
	GlobalSection(ProjectConfigurationPlatforms) = postSolution
		{8A7A7CEA-698B-4144-929B-523EEF26E23E}.Debug|Any CPU.ActiveCfg = Debug|Any CPU
		{8A7A7CEA-698B-4144-929B-523EEF26E23E}.Debug|Any CPU.Build.0 = Debug|Any CPU
		{8A7A7CEA-698B-4144-929B-523EEF26E23E}.Release|Any CPU.ActiveCfg = Release|Any CPU
		{8A7A7CEA-698B-4144-929B-523EEF26E23E}.Release|Any CPU.Build.0 = Release|Any CPU
	EndGlobalSection
	GlobalSection(SolutionProperties) = preSolution
		HideSolutionNode = FALSE
	EndGlobalSection
	GlobalSection(NestedProjects) = preSolution
		{8A7A7CEA-698B-4144-929B-523EEF26E23E} = {E824C1D6-7128-450F-9D7E-381D3891FCD7}
	EndGlobalSection
	GlobalSection(ExtensibilityGlobals) = postSolution
		SolutionGuid = {E57FEE32-F9D9-4173-8300-40CF8BC054E1}
	EndGlobalSection
EndGlobal
